Microsoft Visual Studio Solution File, Format Version 11.00
# Visual Studio 2010
Project("{FAE04EC0-301F-11D3-BF4B-00C04F79EFBC}") = "Assembly-CSharp", "Assembly-CSharp.csproj", "{6D88BAAE-A7EC-4001-2E62-4497D1A0F2D9}"
EndProject
Project("{FAE04EC0-301F-11D3-BF4B-00C04F79EFBC}") = "NavMeshComponents", "NavMeshComponents.csproj", "{3A5875FD-D3C3-989E-C032-9D738C2535FF}"
EndProject
Project("{FAE04EC0-301F-11D3-BF4B-00C04F79EFBC}") = "NavMeshComponentsEditor", "NavMeshComponentsEditor.csproj", "{FD4723FB-4FA9-C48B-B09C-D11EA6DC1919}"
EndProject
Project("{FAE04EC0-301F-11D3-BF4B-00C04F79EFBC}") = "Assembly-CSharp-Editor", "Assembly-CSharp-Editor.csproj", "{F1BDA749-88B2-DAFD-D3A5-4E978DC7CE61}"
EndProject
Global
	GlobalSection(SolutionConfigurationPlatforms) = preSolution
		Debug|Any CPU = Debug|Any CPU
		Release|Any CPU = Release|Any CPU
	EndGlobalSection
	GlobalSection(ProjectConfigurationPlatforms) = postSolution
		{6D88BAAE-A7EC-4001-2E62-4497D1A0F2D9}.Debug|Any CPU.ActiveCfg = Debug|Any CPU
		{6D88BAAE-A7EC-4001-2E62-4497D1A0F2D9}.Debug|Any CPU.Build.0 = Debug|Any CPU
		{6D88BAAE-A7EC-4001-2E62-4497D1A0F2D9}.Release|Any CPU.ActiveCfg = Release|Any CPU
		{6D88BAAE-A7EC-4001-2E62-4497D1A0F2D9}.Release|Any CPU.Build.0 = Release|Any CPU
		{3A5875FD-D3C3-989E-C032-9D738C2535FF}.Debug|Any CPU.ActiveCfg = Debug|Any CPU
		{3A5875FD-D3C3-989E-C032-9D738C2535FF}.Debug|Any CPU.Build.0 = Debug|Any CPU
		{3A5875FD-D3C3-989E-C032-9D738C2535FF}.Release|Any CPU.ActiveCfg = Release|Any CPU
		{3A5875FD-D3C3-989E-C032-9D738C2535FF}.Release|Any CPU.Build.0 = Release|Any CPU
		{FD4723FB-4FA9-C48B-B09C-D11EA6DC1919}.Debug|Any CPU.ActiveCfg = Debug|Any CPU
		{FD4723FB-4FA9-C48B-B09C-D11EA6DC1919}.Debug|Any CPU.Build.0 = Debug|Any CPU
		{FD4723FB-4FA9-C48B-B09C-D11EA6DC1919}.Release|Any CPU.ActiveCfg = Release|Any CPU
		{FD4723FB-4FA9-C48B-B09C-D11EA6DC1919}.Release|Any CPU.Build.0 = Release|Any CPU
		{F1BDA749-88B2-DAFD-D3A5-4E978DC7CE61}.Debug|Any CPU.ActiveCfg = Debug|Any CPU
		{F1BDA749-88B2-DAFD-D3A5-4E978DC7CE61}.Debug|Any CPU.Build.0 = Debug|Any CPU
		{F1BDA749-88B2-DAFD-D3A5-4E978DC7CE61}.Release|Any CPU.ActiveCfg = Release|Any CPU
		{F1BDA749-88B2-DAFD-D3A5-4E978DC7CE61}.Release|Any CPU.Build.0 = Release|Any CPU
	EndGlobalSection
	GlobalSection(SolutionProperties) = preSolution
		HideSolutionNode = FALSE
	EndGlobalSection
EndGlobal
